
Microsoft Visual Studio Solution File, Format Version 12.00
# Visual Studio Version 16
VisualStudioVersion = 16.0.31129.286
MinimumVisualStudioVersion = 10.0.40219.1
Project("{FAE04EC0-301F-11D3-BF4B-00C04F79EFBC}") = "Palmer_PhoneBook", "Palmer_PhoneBook\Palmer_PhoneBook.csproj", "{B4F3A059-B6DE-436D-84F0-7EBE4C574EA5}"
EndProject
Global
	GlobalSection(SolutionConfigurationPlatforms) = preSolution
		Debug|Any CPU = Debug|Any CPU
		Release|Any CPU = Release|Any CPU
	EndGlobalSection
	GlobalSection(ProjectConfigurationPlatforms) = postSolution
		{B4F3A059-B6DE-436D-84F0-7EBE4C574EA5}.Debug|Any CPU.ActiveCfg = Debug|Any CPU
		{B4F3A059-B6DE-436D-84F0-7EBE4C574EA5}.Debug|Any CPU.Build.0 = Debug|Any CPU
		{B4F3A059-B6DE-436D-84F0-7EBE4C574EA5}.Release|Any CPU.ActiveCfg = Release|Any CPU
		{B4F3A059-B6DE-436D-84F0-7EBE4C574EA5}.Release|Any CPU.Build.0 = Release|Any CPU
	EndGlobalSection
	GlobalSection(SolutionProperties) = preSolution
		HideSolutionNode = FALSE
	EndGlobalSection
	GlobalSection(ExtensibilityGlobals) = postSolution
		SolutionGuid = {D05DFAF9-A81C-469A-8FFF-FBB0465B2215}
	EndGlobalSection
EndGlobal
